
Microsoft Visual Studio Solution File, Format Version 12.00
# Visual Studio Version 17
VisualStudioVersion = 17.9.34616.47
MinimumVisualStudioVersion = 10.0.40219.1
Project("{8BC9CEB8-8B4A-11D0-8D11-00A0C91BC942}") = "PemdasPart1", "PemdasPart1\PemdasPart1.vcxproj", "{3EC33DC9-4D03-4991-99F1-A9FD87D0AE8C}"
EndProject
Project("{8BC9CEB8-8B4A-11D0-8D11-00A0C91BC942}") = "Part2", "Part2\Part2.vcxproj", "{A36D83DB-A93E-4470-86C1-8868A1794949}"
EndProject
Project("{8BC9CEB8-8B4A-11D0-8D11-00A0C91BC942}") = "Part3", "Part3\Part3.vcxproj", "{78F13708-142E-4428-86F7-281E8225F037}"
EndProject
Project("{8BC9CEB8-8B4A-11D0-8D11-00A0C91BC942}") = "Part4", "Part4\Part4.vcxproj", "{005AFC42-533D-49E2-9FE4-1F7554A2099F}"
EndProject
Project("{8BC9CEB8-8B4A-11D0-8D11-00A0C91BC942}") = "Part5", "Part5\Part5.vcxproj", "{DF775A16-3633-4B3D-8FD8-3FA27059C946}"
EndProject
Global
	GlobalSection(SolutionConfigurationPlatforms) = preSolution
		Debug|x64 = Debug|x64
		Debug|x86 = Debug|x86
		Release|x64 = Release|x64
		Release|x86 = Release|x86
	EndGlobalSection
	GlobalSection(ProjectConfigurationPlatforms) = postSolution
		{3EC33DC9-4D03-4991-99F1-A9FD87D0AE8C}.Debug|x64.ActiveCfg = Debug|x64
		{3EC33DC9-4D03-4991-99F1-A9FD87D0AE8C}.Debug|x64.Build.0 = Debug|x64
		{3EC33DC9-4D03-4991-99F1-A9FD87D0AE8C}.Debug|x86.ActiveCfg = Debug|Win32
		{3EC33DC9-4D03-4991-99F1-A9FD87D0AE8C}.Debug|x86.Build.0 = Debug|Win32
		{3EC33DC9-4D03-4991-99F1-A9FD87D0AE8C}.Release|x64.ActiveCfg = Release|x64
		{3EC33DC9-4D03-4991-99F1-A9FD87D0AE8C}.Release|x64.Build.0 = Release|x64
		{3EC33DC9-4D03-4991-99F1-A9FD87D0AE8C}.Release|x86.ActiveCfg = Release|Win32
		{3EC33DC9-4D03-4991-99F1-A9FD87D0AE8C}.Release|x86.Build.0 = Release|Win32
		{A36D83DB-A93E-4470-86C1-8868A1794949}.Debug|x64.ActiveCfg = Debug|x64
		{A36D83DB-A93E-4470-86C1-8868A1794949}.Debug|x64.Build.0 = Debug|x64
		{A36D83DB-A93E-4470-86C1-8868A1794949}.Debug|x86.ActiveCfg = Debug|Win32
		{A36D83DB-A93E-4470-86C1-8868A1794949}.Debug|x86.Build.0 = Debug|Win32
		{A36D83DB-A93E-4470-86C1-8868A1794949}.Release|x64.ActiveCfg = Release|x64
		{A36D83DB-A93E-4470-86C1-8868A1794949}.Release|x64.Build.0 = Release|x64
		{A36D83DB-A93E-4470-86C1-8868A1794949}.Release|x86.ActiveCfg = Release|Win32
		{A36D83DB-A93E-4470-86C1-8868A1794949}.Release|x86.Build.0 = Release|Win32
		{78F13708-142E-4428-86F7-281E8225F037}.Debug|x64.ActiveCfg = Debug|x64
		{78F13708-142E-4428-86F7-281E8225F037}.Debug|x64.Build.0 = Debug|x64
		{78F13708-142E-4428-86F7-281E8225F037}.Debug|x86.ActiveCfg = Debug|Win32
		{78F13708-142E-4428-86F7-281E8225F037}.Debug|x86.Build.0 = Debug|Win32
		{78F13708-142E-4428-86F7-281E8225F037}.Release|x64.ActiveCfg = Release|x64
		{78F13708-142E-4428-86F7-281E8225F037}.Release|x64.Build.0 = Release|x64
		{78F13708-142E-4428-86F7-281E8225F037}.Release|x86.ActiveCfg = Release|Win32
		{78F13708-142E-4428-86F7-281E8225F037}.Release|x86.Build.0 = Release|Win32
		{005AFC42-533D-49E2-9FE4-1F7554A2099F}.Debug|x64.ActiveCfg = Debug|x64
		{005AFC42-533D-49E2-9FE4-1F7554A2099F}.Debug|x64.Build.0 = Debug|x64
		{005AFC42-533D-49E2-9FE4-1F7554A2099F}.Debug|x86.ActiveCfg = Debug|Win32
		{005AFC42-533D-49E2-9FE4-1F7554A2099F}.Debug|x86.Build.0 = Debug|Win32
		{005AFC42-533D-49E2-9FE4-1F7554A2099F}.Release|x64.ActiveCfg = Release|x64
		{005AFC42-533D-49E2-9FE4-1F7554A2099F}.Release|x64.Build.0 = Release|x64
		{005AFC42-533D-49E2-9FE4-1F7554A2099F}.Release|x86.ActiveCfg = Release|Win32
		{005AFC42-533D-49E2-9FE4-1F7554A2099F}.Release|x86.Build.0 = Release|Win32
		{DF775A16-3633-4B3D-8FD8-3FA27059C946}.Debug|x64.ActiveCfg = Debug|x64
		{DF775A16-3633-4B3D-8FD8-3FA27059C946}.Debug|x64.Build.0 = Debug|x64
		{DF775A16-3633-4B3D-8FD8-3FA27059C946}.Debug|x86.ActiveCfg = Debug|Win32
		{DF775A16-3633-4B3D-8FD8-3FA27059C946}.Debug|x86.Build.0 = Debug|Win32
		{DF775A16-3633-4B3D-8FD8-3FA27059C946}.Release|x64.ActiveCfg = Release|x64
		{DF775A16-3633-4B3D-8FD8-3FA27059C946}.Release|x64.Build.0 = Release|x64
		{DF775A16-3633-4B3D-8FD8-3FA27059C946}.Release|x86.ActiveCfg = Release|Win32
		{DF775A16-3633-4B3D-8FD8-3FA27059C946}.Release|x86.Build.0 = Release|Win32
	EndGlobalSection
	GlobalSection(SolutionProperties) = preSolution
		HideSolutionNode = FALSE
	EndGlobalSection
	GlobalSection(ExtensibilityGlobals) = postSolution
		SolutionGuid = {7346E98E-4EB6-4E6F-A39E-4C7C43245B7A}
	EndGlobalSection
EndGlobal
